// !$*UTF8*$!
{
	archiveVersion = 1;
	classes = {
	};
	objectVersion = 56;
	objects = {

/* Begin PBXBuildFile section */
		EC4DA4C72A2BCE5D00D5E76C /* AppDelegate.swift in Sources */ = {isa = PBXBuildFile; fileRef = EC4DA4C62A2BCE5D00D5E76C /* AppDelegate.swift */; };
		EC4DA4C92A2BCE5D00D5E76C /* ViewController.swift in Sources */ = {isa = PBXBuildFile; fileRef = EC4DA4C82A2BCE5D00D5E76C /* ViewController.swift */; };
		EC4DA4CE2A2BCE5D00D5E76C /* Main.storyboard in Resources */ = {isa = PBXBuildFile; fileRef = EC4DA4CC2A2BCE5D00D5E76C /* Main.storyboard */; };
		EC4DA4D02A2BCE5E00D5E76C /* Assets.xcassets in Resources */ = {isa = PBXBuildFile; fileRef = EC4DA4CF2A2BCE5E00D5E76C /* Assets.xcassets */; };
		EC4DA4D32A2BCE5E00D5E76C /* LaunchScreen.storyboard in Resources */ = {isa = PBXBuildFile; fileRef = EC4DA4D12A2BCE5E00D5E76C /* LaunchScreen.storyboard */; };
		EC4DA4DC2A2BDB7500D5E76C /* SceneKit.framework in Frameworks */ = {isa = PBXBuildFile; fileRef = EC4DA4DA2A2BDB3600D5E76C /* SceneKit.framework */; };
		ECA66FBF2A2CC13900DB3165 /* FireParticles.scnp in Resources */ = {isa = PBXBuildFile; fileRef = ECA66FBE2A2CC13900DB3165 /* FireParticles.scnp */; };
/* End PBXBuildFile section */

/* Begin PBXFileReference section */
		EC4DA4C32A2BCE5D00D5E76C /* LookAt.app */ = {isa = PBXFileReference; explicitFileType = wrapper.application; includeInIndex = 0; path = LookAt.app; sourceTree = BUILT_PRODUCTS_DIR; };
		EC4DA4C62A2BCE5D00D5E76C /* AppDelegate.swift */ = {isa = PBXFileReference; lastKnownFileType = sourcecode.swift; path = AppDelegate.swift; sourceTree = "<group>"; };
		EC4DA4C82A2BCE5D00D5E76C /* ViewController.swift */ = {isa = PBXFileReference; lastKnownFileType = sourcecode.swift; path = ViewController.swift; sourceTree = "<group>"; };
		EC4DA4CD2A2BCE5D00D5E76C /* Base */ = {isa = PBXFileReference; lastKnownFileType = file.storyboard; name = Base; path = Base.lproj/Main.storyboard; sourceTree = "<group>"; };
		EC4DA4CF2A2BCE5E00D5E76C /* Assets.xcassets */ = {isa = PBXFileReference; lastKnownFileType = folder.assetcatalog; path = Assets.xcassets; sourceTree = "<group>"; };
		EC4DA4D22A2BCE5E00D5E76C /* Base */ = {isa = PBXFileReference; lastKnownFileType = file.storyboard; name = Base; path = Base.lproj/LaunchScreen.storyboard; sourceTree = "<group>"; };
		EC4DA4DA2A2BDB3600D5E76C /* SceneKit.framework */ = {isa = PBXFileReference; lastKnownFileType = wrapper.framework; name = SceneKit.framework; path = System/Library/Frameworks/SceneKit.framework; sourceTree = SDKROOT; };
		ECA66FBE2A2CC13900DB3165 /* FireParticles.scnp */ = {isa = PBXFileReference; lastKnownFileType = file.scp; path = FireParticles.scnp; sourceTree = "<group>"; };
/* End PBXFileReference section */

/* Begin PBXFrameworksBuildPhase section */
		EC4DA4C02A2BCE5D00D5E76C /* Frameworks */ = {
			isa = PBXFrameworksBuildPhase;
			buildActionMask = 2147483647;
			files = (
				EC4DA4DC2A2BDB7500D5E76C /* SceneKit.framework in Frameworks */,
			);
			runOnlyForDeploymentPostprocessing = 0;
		};
/* End PBXFrameworksBuildPhase section */

/* Begin PBXGroup section */
		EC4DA4BA2A2BCE5D00D5E76C = {
			isa = PBXGroup;
			children = (
				EC4DA4C52A2BCE5D00D5E76C /* LookAt */,
				EC4DA4C42A2BCE5D00D5E76C /* Products */,
				EC4DA4D92A2BDB3600D5E76C /* Frameworks */,
			);
			sourceTree = "<group>";
		};
		EC4DA4C42A2BCE5D00D5E76C /* Products */ = {
			isa = PBXGroup;
			children = (
				EC4DA4C32A2BCE5D00D5E76C /* LookAt.app */,
			);
			name = Products;
			sourceTree = "<group>";
		};
		EC4DA4C52A2BCE5D00D5E76C /* LookAt */ = {
			isa = PBXGroup;
			children = (
				EC4DA4C62A2BCE5D00D5E76C /* AppDelegate.swift */,
				ECA66FBE2A2CC13900DB3165 /* FireParticles.scnp */,
				EC4DA4C82A2BCE5D00D5E76C /* ViewController.swift */,
				EC4DA4CC2A2BCE5D00D5E76C /* Main.storyboard */,
				EC4DA4CF2A2BCE5E00D5E76C /* Assets.xcassets */,
				EC4DA4D12A2BCE5E00D5E76C /* LaunchScreen.storyboard */,
			);
			path = LookAt;
			sourceTree = "<group>";
		};
		EC4DA4D92A2BDB3600D5E76C /* Frameworks */ = {
			isa = PBXGroup;
			children = (
				EC4DA4DA2A2BDB3600D5E76C /* SceneKit.framework */,
			);
			name = Frameworks;
			sourceTree = "<group>";
		};
/* End PBXGroup section */

/* Begin PBXNativeTarget section */
		EC4DA4C22A2BCE5D00D5E76C /* LookAt */ = {
			isa = PBXNativeTarget;
			buildConfigurationList = EC4DA4D62A2BCE5E00D5E76C /* Build configuration list for PBXNativeTarget "LookAt" */;
			buildPhases = (
				EC4DA4BF2A2BCE5D00D5E76C /* Sources */,
				EC4DA4C02A2BCE5D00D5E76C /* Frameworks */,
				EC4DA4C12A2BCE5D00D5E76C /* Resources */,
			);
			buildRules = (
			);
			dependencies = (
			);
			name = LookAt;
			productName = LookAt;
			productReference = EC4DA4C32A2BCE5D00D5E76C /* LookAt.app */;
			productType = "com.apple.product-type.application";
		};
/* End PBXNativeTarget section */

/* Begin PBXProject section */
		EC4DA4BB2A2BCE5D00D5E76C /* Project object */ = {
			isa = PBXProject;
			attributes = {
				BuildIndependentTargetsInParallel = 1;
				LastSwiftUpdateCheck = 1430;
				LastUpgradeCheck = 1430;
				TargetAttributes = {
					EC4DA4C22A2BCE5D00D5E76C = {
						CreatedOnToolsVersion = 14.3.1;
					};
				};
			};
			buildConfigurationList = EC4DA4BE2A2BCE5D00D5E76C /* Build configuration list for PBXProject "LookAt" */;
			compatibilityVersion = "Xcode 14.0";
			developmentRegion = en;
			hasScannedForEncodings = 0;
			knownRegions = (
				en,
				Base,
			);
			mainGroup = EC4DA4BA2A2BCE5D00D5E76C;
			productRefGroup = EC4DA4C42A2BCE5D00D5E76C /* Products */;
			projectDirPath = "";
			projectRoot = "";
			targets = (
				EC4DA4C22A2BCE5D00D5E76C /* LookAt */,
			);
		};
/* End PBXProject section */

/* Begin PBXResourcesBuildPhase section */
		EC4DA4C12A2BCE5D00D5E76C /* Resources */ = {
			isa = PBXResourcesBuildPhase;
			buildActionMask = 2147483647;
			files = (
				EC4DA4D32A2BCE5E00D5E76C /* LaunchScreen.storyboard in Resources */,
				ECA66FBF2A2CC13900DB3165 /* FireParticles.scnp in Resources */,
				EC4DA4D02A2BCE5E00D5E76C /* Assets.xcassets in Resources */,
				EC4DA4CE2A2BCE5D00D5E76C /* Main.storyboard in Resources */,
			);
			runOnlyForDeploymentPostprocessing = 0;
		};
/* End PBXResourcesBuildPhase section */

/* Begin PBXSourcesBuildPhase section */
		EC4DA4BF2A2BCE5D00D5E76C /* Sources */ = {
			isa = PBXSourcesBuildPhase;
			buildActionMask = 2147483647;
			files = (
				EC4DA4C92A2BCE5D00D5E76C /* ViewController.swift in Sources */,
				EC4DA4C72A2BCE5D00D5E76C /* AppDelegate.swift in Sources */,
			);
			runOnlyForDeploymentPostprocessing = 0;
		};
/* End PBXSourcesBuildPhase section */

/* Begin PBXVariantGroup section */
		EC4DA4CC2A2BCE5D00D5E76C /* Main.storyboard */ = {
			isa = PBXVariantGroup;
			children = (
				EC4DA4CD2A2BCE5D00D5E76C /* Base */,
			);
			name = Main.storyboard;
			sourceTree = "<group>";
		};
		EC4DA4D12A2BCE5E00D5E76C /* LaunchScreen.storyboard */ = {
			isa = PBXVariantGroup;
			children = (
				EC4DA4D22A2BCE5E00D5E76C /* Base */,
			);
			name = LaunchScreen.storyboard;
			sourceTree = "<group>";
		};
/* End PBXVariantGroup section */

/* Begin XCBuildConfiguration section */
		EC4DA4D42A2BCE5E00D5E76C /* Debug */ = {
			isa = XCBuildConfiguration;
			buildSettings = {
				ALWAYS_SEARCH_USER_PATHS = NO;
				CLANG_ANALYZER_NONNULL = YES;
				CLANG_ANALYZER_NUMBER_OBJECT_CONVERSION = YES_AGGRESSIVE;
				CLANG_CXX_LANGUAGE_STANDARD = "gnu++20";
				CLANG_ENABLE_MODULES = YES;
				CLANG_ENABLE_OBJC_ARC = YES;
				CLANG_ENABLE_OBJC_WEAK = YES;
				CLANG_WARN_BLOCK_CAPTURE_AUTORELEASING = YES;
				CLANG_WARN_BOOL_CONVERSION = YES;
				CLANG_WARN_COMMA = YES;
				CLANG_WARN_CONSTANT_CONVERSION = YES;
				CLANG_WARN_DEPRECATED_OBJC_IMPLEMENTATIONS = YES;
				CLANG_WARN_DIRECT_OBJC_ISA_USAGE = YES_ERROR;
				CLANG_WARN_DOCUMENTATION_COMMENTS = YES;
				CLANG_WARN_EMPTY_BODY = YES;
				CLANG_WARN_ENUM_CONVERSION = YES;
				CLANG_WARN_INFINITE_RECURSION = YES;
				CLANG_WARN_INT_CONVERSION = YES;
				CLANG_WARN_NON_LITERAL_NULL_CONVERSION = YES;
				CLANG_WARN_OBJC_IMPLICIT_RETAIN_SELF = YES;
				CLANG_WARN_OBJC_LITERAL_CONVERSION = YES;
				CLANG_WARN_OBJC_ROOT_CLASS = YES_ERROR;
				CLANG_WARN_QUOTED_INCLUDE_IN_FRAMEWORK_HEADER = YES;
				CLANG_WARN_RANGE_LOOP_ANALYSIS = YES;
				CLANG_WARN_STRICT_PROTOTYPES = YES;
				CLANG_WARN_SUSPICIOUS_MOVE = YES;
				CLANG_WARN_UNGUARDED_AVAILABILITY = YES_AGGRESSIVE;
				CLANG_WARN_UNREACHABLE_CODE = YES;
				CLANG_WARN__DUPLICATE_METHOD_MATCH = YES;
				COPY_PHASE_STRIP = NO;
				DEBUG_INFORMATION_FORMAT = dwarf;
				ENABLE_STRICT_OBJC_MSGSEND = YES;
				ENABLE_TESTABILITY = YES;
				GCC_C_LANGUAGE_STANDARD = gnu11;
				GCC_DYNAMIC_NO_PIC = NO;
				GCC_NO_COMMON_BLOCKS = YES;
				GCC_OPTIMIZATION_LEVEL = 0;
				GCC_PREPROCESSOR_DEFINITIONS = (
					"DEBUG=1",
					"$(inherited)",
				);
				GCC_WARN_64_TO_32_BIT_CONVERSION = YES;
				GCC_WARN_ABOUT_RETURN_TYPE = YES_ERROR;
				GCC_WARN_UNDECLARED_SELECTOR = YES;
				GCC_WARN_UNINITIALIZED_AUTOS = YES_AGGRESSIVE;
				GCC_WARN_UNUSED_FUNCTION = YES;
				GCC_WARN_UNUSED_VARIABLE = YES;
				IPHONEOS_DEPLOYMENT_TARGET = 16.4;
				MTL_ENABLE_DEBUG_INFO = INCLUDE_SOURCE;
				MTL_FAST_MATH = YES;
				ONLY_ACTIVE_ARCH = YES;
				SDKROOT = iphoneos;
				SWIFT_ACTIVE_COMPILATION_CONDITIONS = DEBUG;
				SWIFT_OPTIMIZATION_LEVEL = "-Onone";
			};
			name = Debug;
		};
		EC4DA4D52A2BCE5E00D5E76C /* Release */ = {
			isa = XCBuildConfiguration;
			buildSettings = {
				ALWAYS_SEARCH_USER_PATHS = NO;
				CLANG_ANALYZER_NONNULL = YES;
				CLANG_ANALYZER_NUMBER_OBJECT_CONVERSION = YES_AGGRESSIVE;
				CLANG_CXX_LANGUAGE_STANDARD = "gnu++20";
				CLANG_ENABLE_MODULES = YES;
				CLANG_ENABLE_OBJC_ARC = YES;
				CLANG_ENABLE_OBJC_WEAK = YES;
				CLANG_WARN_BLOCK_CAPTURE_AUTORELEASING = YES;
				CLANG_WARN_BOOL_CONVERSION = YES;
				CLANG_WARN_COMMA = YES;
				CLANG_WARN_CONSTANT_CONVERSION = YES;
				CLANG_WARN_DEPRECATED_OBJC_IMPLEMENTATIONS = YES;
				CLANG_WARN_DIRECT_OBJC_ISA_USAGE = YES_ERROR;
				CLANG_WARN_DOCUMENTATION_COMMENTS = YES;
				CLANG_WARN_EMPTY_BODY = YES;
				CLANG_WARN_ENUM_CONVERSION = YES;
				CLANG_WARN_INFINITE_RECURSION = YES;
				CLANG_WARN_INT_CONVERSION = YES;
				CLANG_WARN_NON_LITERAL_NULL_CONVERSION = YES;
				CLANG_WARN_OBJC_IMPLICIT_RETAIN_SELF = YES;
				CLANG_WARN_OBJC_LITERAL_CONVERSION = YES;
				CLANG_WARN_OBJC_ROOT_CLASS = YES_ERROR;
				CLANG_WARN_QUOTED_INCLUDE_IN_FRAMEWORK_HEADER = YES;
				CLANG_WARN_RANGE_LOOP_ANALYSIS = YES;
				CLANG_WARN_STRICT_PROTOTYPES = YES;
				CLANG_WARN_SUSPICIOUS_MOVE = YES;
				CLANG_WARN_UNGUARDED_AVAILABILITY = YES_AGGRESSIVE;
				CLANG_WARN_UNREACHABLE_CODE = YES;
				CLANG_WARN__DUPLICATE_METHOD_MATCH = YES;
				COPY_PHASE_STRIP = NO;
				DEBUG_INFORMATION_FORMAT = "dwarf-with-dsym";
				ENABLE_NS_ASSERTIONS = NO;
				ENABLE_STRICT_OBJC_MSGSEND = YES;
				GCC_C_LANGUAGE_STANDARD = gnu11;
				GCC_NO_COMMON_BLOCKS = YES;
				GCC_WARN_64_TO_32_BIT_CONVERSION = YES;
				GCC_WARN_ABOUT_RETURN_TYPE = YES_ERROR;
				GCC_WARN_UNDECLARED_SELECTOR = YES;
				GCC_WARN_UNINITIALIZED_AUTOS = YES_AGGRESSIVE;
				GCC_WARN_UNUSED_FUNCTION = YES;
				GCC_WARN_UNUSED_VARIABLE = YES;
				IPHONEOS_DEPLOYMENT_TARGET = 16.4;
				MTL_ENABLE_DEBUG_INFO = NO;
				MTL_FAST_MATH = YES;
				SDKROOT = iphoneos;
				SWIFT_COMPILATION_MODE = wholemodule;
				SWIFT_OPTIMIZATION_LEVEL = "-O";
				VALIDATE_PRODUCT = YES;
			};
			name = Release;
		};
		EC4DA4D72A2BCE5E00D5E76C /* Debug */ = {
			isa = XCBuildConfiguration;
			buildSettings = {
				ASSETCATALOG_COMPILER_APPICON_NAME = AppIcon;
				ASSETCATALOG_COMPILER_GLOBAL_ACCENT_COLOR_NAME = AccentColor;
				CODE_SIGN_STYLE = Manual;
				CURRENT_PROJECT_VERSION = 1;
				DEVELOPMENT_TEAM = "";
				GENERATE_INFOPLIST_FILE = YES;
				INFOPLIST_KEY_NSCameraUsageDescription = "";
				INFOPLIST_KEY_UIApplicationSupportsIndirectInputEvents = YES;
				INFOPLIST_KEY_UILaunchStoryboardName = LaunchScreen;
				INFOPLIST_KEY_UIMainStoryboardFile = Main;
				INFOPLIST_KEY_UIRequiredDeviceCapabilities = arkit;
				INFOPLIST_KEY_UIStatusBarHidden = YES;
				INFOPLIST_KEY_UISupportedInterfaceOrientations_iPad = "UIInterfaceOrientationPortrait UIInterfaceOrientationPortraitUpsideDown UIInterfaceOrientationLandscapeLeft UIInterfaceOrientationLandscapeRight";
				INFOPLIST_KEY_UISupportedInterfaceOrientations_iPhone = "UIInterfaceOrientationPortrait UIInterfaceOrientationLandscapeLeft UIInterfaceOrientationLandscapeRight";
				LD_RUNPATH_SEARCH_PATHS = (
					"$(inherited)",
					"@executable_path/Frameworks",
				);
				MARKETING_VERSION = 1.0;
				PRODUCT_BUNDLE_IDENTIFIER = com.learning.LookAt;
				PRODUCT_NAME = "$(TARGET_NAME)";
				PROVISIONING_PROFILE_SPECIFIER = "";
				SWIFT_EMIT_LOC_STRINGS = YES;
				SWIFT_VERSION = 5.0;
				TARGETED_DEVICE_FAMILY = "1,2";
			};
			name = Debug;
		};
		EC4DA4D82A2BCE5E00D5E76C /* Release */ = {
			isa = XCBuildConfiguration;
			buildSettings = {
				ASSETCATALOG_COMPILER_APPICON_NAME = AppIcon;
				ASSETCATALOG_COMPILER_GLOBAL_ACCENT_COLOR_NAME = AccentColor;
				CODE_SIGN_STYLE = Manual;
				CURRENT_PROJECT_VERSION = 1;
				DEVELOPMENT_TEAM = "";
				GENERATE_INFOPLIST_FILE = YES;
				INFOPLIST_KEY_NSCameraUsageDescription = "";
				INFOPLIST_KEY_UIApplicationSupportsIndirectInputEvents = YES;
				INFOPLIST_KEY_UILaunchStoryboardName = LaunchScreen;
				INFOPLIST_KEY_UIMainStoryboardFile = Main;
				INFOPLIST_KEY_UIRequiredDeviceCapabilities = arkit;
				INFOPLIST_KEY_UIStatusBarHidden = YES;
				INFOPLIST_KEY_UISupportedInterfaceOrientations_iPad = "UIInterfaceOrientationPortrait UIInterfaceOrientationPortraitUpsideDown UIInterfaceOrientationLandscapeLeft UIInterfaceOrientationLandscapeRight";
				INFOPLIST_KEY_UISupportedInterfaceOrientations_iPhone = "UIInterfaceOrientationPortrait UIInterfaceOrientationLandscapeLeft UIInterfaceOrientationLandscapeRight";
				LD_RUNPATH_SEARCH_PATHS = (
					"$(inherited)",
					"@executable_path/Frameworks",
				);
				MARKETING_VERSION = 1.0;
				PRODUCT_BUNDLE_IDENTIFIER = com.learning.LookAt;
				PRODUCT_NAME = "$(TARGET_NAME)";
				PROVISIONING_PROFILE_SPECIFIER = "";
				SWIFT_EMIT_LOC_STRINGS = YES;
				SWIFT_VERSION = 5.0;
				TARGETED_DEVICE_FAMILY = "1,2";
			};
			name = Release;
		};
/* End XCBuildConfiguration section */

/* Begin XCConfigurationList section */
		EC4DA4BE2A2BCE5D00D5E76C /* Build configuration list for PBXProject "LookAt" */ = {
			isa = XCConfigurationList;
			buildConfigurations = (
				EC4DA4D42A2BCE5E00D5E76C /* Debug */,
				EC4DA4D52A2BCE5E00D5E76C /* Release */,
			);
			defaultConfigurationIsVisible = 0;
			defaultConfigurationName = Release;
		};
		EC4DA4D62A2BCE5E00D5E76C /* Build configuration list for PBXNativeTarget "LookAt" */ = {
			isa = XCConfigurationList;
			buildConfigurations = (
				EC4DA4D72A2BCE5E00D5E76C /* Debug */,
				EC4DA4D82A2BCE5E00D5E76C /* Release */,
			);
			defaultConfigurationIsVisible = 0;
			defaultConfigurationName = Release;
		};
/* End XCConfigurationList section */
	};
	rootObject = EC4DA4BB2A2BCE5D00D5E76C /* Project object */;
}
